
Microsoft Visual Studio Solution File, Format Version 12.00
# Visual Studio Version 16
VisualStudioVersion = 16.0.29009.5
MinimumVisualStudioVersion = 10.0.40219.1
Project("{FAE04EC0-301F-11D3-BF4B-00C04F79EFBC}") = "Integration Testing", "Integration Testing.csproj", "{0592B5FF-DE25-4731-AA69-B8FD0E0377A5}"
EndProject
Global
	GlobalSection(SolutionConfigurationPlatforms) = preSolution
		Debug|Any CPU = Debug|Any CPU
		Release|Any CPU = Release|Any CPU
	EndGlobalSection
	GlobalSection(ProjectConfigurationPlatforms) = postSolution
		{0592B5FF-DE25-4731-AA69-B8FD0E0377A5}.Debug|Any CPU.ActiveCfg = Debug|Any CPU
		{0592B5FF-DE25-4731-AA69-B8FD0E0377A5}.Debug|Any CPU.Build.0 = Debug|Any CPU
		{0592B5FF-DE25-4731-AA69-B8FD0E0377A5}.Release|Any CPU.ActiveCfg = Release|Any CPU
		{0592B5FF-DE25-4731-AA69-B8FD0E0377A5}.Release|Any CPU.Build.0 = Release|Any CPU
	EndGlobalSection
	GlobalSection(SolutionProperties) = preSolution
		HideSolutionNode = FALSE
	EndGlobalSection
	GlobalSection(ExtensibilityGlobals) = postSolution
		SolutionGuid = {66D28A6C-CC5A-4D79-B759-8FAC63A6DCAC}
	EndGlobalSection
EndGlobal
